
Microsoft Visual Studio Solution File, Format Version 12.00
# Visual Studio Version 17
VisualStudioVersion = 17.0.31903.59
MinimumVisualStudioVersion = 10.0.40219.1
Project("{2150E333-8FDC-42A3-9474-1A3956D46DE8}") = "Core", "Core", "{3AC29BE9-EA16-4C34-B7E6-E12DEBD0AA00}"
	ProjectSection(SolutionItems) = preProject
		Core\Readme.md = Core\Readme.md
	EndProjectSection
EndProject
Project("{9A19103F-16F7-4668-BE54-9A1E7A4F7556}") = "Core", "Core\src\Core.csproj", "{4A529144-E468-4322-83B3-31D47BA0DC1E}"
EndProject
Project("{9A19103F-16F7-4668-BE54-9A1E7A4F7556}") = "Core.Tests", "Core\tests\Core.Tests.csproj", "{82417F5B-F888-45B7-B9AE-4B3EBCAD6562}"
EndProject
Project("{2150E333-8FDC-42A3-9474-1A3956D46DE8}") = "Extensions", "Extensions", "{FA25A7EA-784A-4303-9E35-F5D5547CA2F5}"
	ProjectSection(SolutionItems) = preProject
		Extensions\Readme.md = Extensions\Readme.md
	EndProjectSection
EndProject
Project("{2150E333-8FDC-42A3-9474-1A3956D46DE8}") = "Storage.Mongo", "Storage.Mongo", "{06B7B828-A367-47C6-8A48-9DD49A12F342}"
	ProjectSection(SolutionItems) = preProject
		Storage.Mongo\README.md = Storage.Mongo\README.md
	EndProjectSection
EndProject
Project("{2150E333-8FDC-42A3-9474-1A3956D46DE8}") = "Helpers", "Helpers", "{6B693A51-EE0B-466D-B1A6-13CAB57F41B0}"
EndProject
Project("{9A19103F-16F7-4668-BE54-9A1E7A4F7556}") = "Helpers", "Helpers\src\Helpers.csproj", "{03046BC8-C8C4-4549-83D2-23E36202C571}"
EndProject
Project("{FAE04EC0-301F-11D3-BF4B-00C04F79EFBC}") = "Extensions.Microsoft.DependencyInjection", "Extensions\Microsoft.DependencyInjection\src\Extensions.Microsoft.DependencyInjection.csproj", "{7F3735DF-5814-4D2C-9E54-C5493C23D543}"
EndProject
Project("{FAE04EC0-301F-11D3-BF4B-00C04F79EFBC}") = "Storage.Mongo", "Storage.Mongo\core\Storage.Mongo.csproj", "{8890613A-9E5C-43E3-8CE0-6C8CFD709226}"
EndProject
Project("{FAE04EC0-301F-11D3-BF4B-00C04F79EFBC}") = "Storage.Mongo.Extensions.Microsoft.DependencyInjection", "Storage.Mongo\Extensions.Microsoft.DependencyInjection\Storage.Mongo.Extensions.Microsoft.DependencyInjection.csproj", "{4E86C1D9-58CB-4359-A318-1663ECFD1A70}"
EndProject
Project("{FAE04EC0-301F-11D3-BF4B-00C04F79EFBC}") = "Storage.Mongo.Tests", "Storage.Mongo\tests\Storage.Mongo.Tests.csproj", "{135B7003-4C71-45B6-928E-65F0D8F73EAA}"
EndProject
Project("{2150E333-8FDC-42A3-9474-1A3956D46DE8}") = "Storage.Redis", "Storage.Redis", "{3D683121-724C-431A-A1FE-F6967CC90EC4}"
EndProject
Project("{FAE04EC0-301F-11D3-BF4B-00C04F79EFBC}") = "Storage.Redis", "Storage.Redis\core\Storage.Redis.csproj", "{EA9389D5-1491-4B6B-BDE7-541D82D88221}"
EndProject
Project("{FAE04EC0-301F-11D3-BF4B-00C04F79EFBC}") = "Storage.Redis.Extensions.Microsoft.DependencyInjection", "Storage.Redis\Extensions.Microsoft.DependencyInjection\Storage.Redis.Extensions.Microsoft.DependencyInjection.csproj", "{C9BCDBA3-5434-4532-AD88-F8DEB5E5FDDB}"
EndProject
Project("{FAE04EC0-301F-11D3-BF4B-00C04F79EFBC}") = "Storage.Redis.Tests", "Storage.Redis\tests\Storage.Redis.Tests.csproj", "{002683E3-8080-44A0-B751-352D564313C2}"
EndProject
Project("{2150E333-8FDC-42A3-9474-1A3956D46DE8}") = "IntegrationTests", "IntegrationTests", "{674B964F-B00F-4CE0-97CD-01656AC671A4}"
EndProject
Project("{FAE04EC0-301F-11D3-BF4B-00C04F79EFBC}") = "IntegrationTests", "..\IntegrationTests\IntegrationTests\IntegrationTests.csproj", "{2837C87C-75E7-4F27-9787-1A8B8EAE6298}"
EndProject
Global
	GlobalSection(SolutionConfigurationPlatforms) = preSolution
		Debug|Any CPU = Debug|Any CPU
		Release|Any CPU = Release|Any CPU
	EndGlobalSection
	GlobalSection(ProjectConfigurationPlatforms) = postSolution
		{4A529144-E468-4322-83B3-31D47BA0DC1E}.Debug|Any CPU.ActiveCfg = Debug|Any CPU
		{4A529144-E468-4322-83B3-31D47BA0DC1E}.Debug|Any CPU.Build.0 = Debug|Any CPU
		{4A529144-E468-4322-83B3-31D47BA0DC1E}.Release|Any CPU.ActiveCfg = Release|Any CPU
		{4A529144-E468-4322-83B3-31D47BA0DC1E}.Release|Any CPU.Build.0 = Release|Any CPU
		{82417F5B-F888-45B7-B9AE-4B3EBCAD6562}.Debug|Any CPU.ActiveCfg = Debug|Any CPU
		{82417F5B-F888-45B7-B9AE-4B3EBCAD6562}.Debug|Any CPU.Build.0 = Debug|Any CPU
		{82417F5B-F888-45B7-B9AE-4B3EBCAD6562}.Release|Any CPU.ActiveCfg = Release|Any CPU
		{82417F5B-F888-45B7-B9AE-4B3EBCAD6562}.Release|Any CPU.Build.0 = Release|Any CPU
		{03046BC8-C8C4-4549-83D2-23E36202C571}.Debug|Any CPU.ActiveCfg = Debug|Any CPU
		{03046BC8-C8C4-4549-83D2-23E36202C571}.Debug|Any CPU.Build.0 = Debug|Any CPU
		{03046BC8-C8C4-4549-83D2-23E36202C571}.Release|Any CPU.ActiveCfg = Release|Any CPU
		{03046BC8-C8C4-4549-83D2-23E36202C571}.Release|Any CPU.Build.0 = Release|Any CPU
		{7F3735DF-5814-4D2C-9E54-C5493C23D543}.Debug|Any CPU.ActiveCfg = Debug|Any CPU
		{7F3735DF-5814-4D2C-9E54-C5493C23D543}.Debug|Any CPU.Build.0 = Debug|Any CPU
		{7F3735DF-5814-4D2C-9E54-C5493C23D543}.Release|Any CPU.ActiveCfg = Release|Any CPU
		{7F3735DF-5814-4D2C-9E54-C5493C23D543}.Release|Any CPU.Build.0 = Release|Any CPU
		{8890613A-9E5C-43E3-8CE0-6C8CFD709226}.Debug|Any CPU.ActiveCfg = Debug|Any CPU
		{8890613A-9E5C-43E3-8CE0-6C8CFD709226}.Debug|Any CPU.Build.0 = Debug|Any CPU
		{8890613A-9E5C-43E3-8CE0-6C8CFD709226}.Release|Any CPU.ActiveCfg = Release|Any CPU
		{8890613A-9E5C-43E3-8CE0-6C8CFD709226}.Release|Any CPU.Build.0 = Release|Any CPU
		{4E86C1D9-58CB-4359-A318-1663ECFD1A70}.Debug|Any CPU.ActiveCfg = Debug|Any CPU
		{4E86C1D9-58CB-4359-A318-1663ECFD1A70}.Debug|Any CPU.Build.0 = Debug|Any CPU
		{4E86C1D9-58CB-4359-A318-1663ECFD1A70}.Release|Any CPU.ActiveCfg = Release|Any CPU
		{4E86C1D9-58CB-4359-A318-1663ECFD1A70}.Release|Any CPU.Build.0 = Release|Any CPU
		{135B7003-4C71-45B6-928E-65F0D8F73EAA}.Debug|Any CPU.ActiveCfg = Debug|Any CPU
		{135B7003-4C71-45B6-928E-65F0D8F73EAA}.Debug|Any CPU.Build.0 = Debug|Any CPU
		{135B7003-4C71-45B6-928E-65F0D8F73EAA}.Release|Any CPU.ActiveCfg = Release|Any CPU
		{135B7003-4C71-45B6-928E-65F0D8F73EAA}.Release|Any CPU.Build.0 = Release|Any CPU
		{EA9389D5-1491-4B6B-BDE7-541D82D88221}.Debug|Any CPU.ActiveCfg = Debug|Any CPU
		{EA9389D5-1491-4B6B-BDE7-541D82D88221}.Debug|Any CPU.Build.0 = Debug|Any CPU
		{EA9389D5-1491-4B6B-BDE7-541D82D88221}.Release|Any CPU.ActiveCfg = Release|Any CPU
		{EA9389D5-1491-4B6B-BDE7-541D82D88221}.Release|Any CPU.Build.0 = Release|Any CPU
		{C9BCDBA3-5434-4532-AD88-F8DEB5E5FDDB}.Debug|Any CPU.ActiveCfg = Debug|Any CPU
		{C9BCDBA3-5434-4532-AD88-F8DEB5E5FDDB}.Debug|Any CPU.Build.0 = Debug|Any CPU
		{C9BCDBA3-5434-4532-AD88-F8DEB5E5FDDB}.Release|Any CPU.ActiveCfg = Release|Any CPU
		{C9BCDBA3-5434-4532-AD88-F8DEB5E5FDDB}.Release|Any CPU.Build.0 = Release|Any CPU
		{002683E3-8080-44A0-B751-352D564313C2}.Debug|Any CPU.ActiveCfg = Debug|Any CPU
		{002683E3-8080-44A0-B751-352D564313C2}.Debug|Any CPU.Build.0 = Debug|Any CPU
		{002683E3-8080-44A0-B751-352D564313C2}.Release|Any CPU.ActiveCfg = Release|Any CPU
		{002683E3-8080-44A0-B751-352D564313C2}.Release|Any CPU.Build.0 = Release|Any CPU
		{2837C87C-75E7-4F27-9787-1A8B8EAE6298}.Debug|Any CPU.ActiveCfg = Debug|Any CPU
		{2837C87C-75E7-4F27-9787-1A8B8EAE6298}.Debug|Any CPU.Build.0 = Debug|Any CPU
		{2837C87C-75E7-4F27-9787-1A8B8EAE6298}.Release|Any CPU.ActiveCfg = Release|Any CPU
		{2837C87C-75E7-4F27-9787-1A8B8EAE6298}.Release|Any CPU.Build.0 = Release|Any CPU
	EndGlobalSection
	GlobalSection(SolutionProperties) = preSolution
		HideSolutionNode = FALSE
	EndGlobalSection
	GlobalSection(NestedProjects) = preSolution
		{4A529144-E468-4322-83B3-31D47BA0DC1E} = {3AC29BE9-EA16-4C34-B7E6-E12DEBD0AA00}
		{82417F5B-F888-45B7-B9AE-4B3EBCAD6562} = {3AC29BE9-EA16-4C34-B7E6-E12DEBD0AA00}
		{03046BC8-C8C4-4549-83D2-23E36202C571} = {6B693A51-EE0B-466D-B1A6-13CAB57F41B0}
		{7F3735DF-5814-4D2C-9E54-C5493C23D543} = {FA25A7EA-784A-4303-9E35-F5D5547CA2F5}
		{8890613A-9E5C-43E3-8CE0-6C8CFD709226} = {06B7B828-A367-47C6-8A48-9DD49A12F342}
		{4E86C1D9-58CB-4359-A318-1663ECFD1A70} = {06B7B828-A367-47C6-8A48-9DD49A12F342}
		{135B7003-4C71-45B6-928E-65F0D8F73EAA} = {06B7B828-A367-47C6-8A48-9DD49A12F342}
		{EA9389D5-1491-4B6B-BDE7-541D82D88221} = {3D683121-724C-431A-A1FE-F6967CC90EC4}
		{C9BCDBA3-5434-4532-AD88-F8DEB5E5FDDB} = {3D683121-724C-431A-A1FE-F6967CC90EC4}
		{002683E3-8080-44A0-B751-352D564313C2} = {3D683121-724C-431A-A1FE-F6967CC90EC4}
		{2837C87C-75E7-4F27-9787-1A8B8EAE6298} = {674B964F-B00F-4CE0-97CD-01656AC671A4}
	EndGlobalSection
	GlobalSection(ExtensibilityGlobals) = postSolution
		SolutionGuid = {17A8C475-76BD-40BE-B549-00BB5DFFFB9C}
	EndGlobalSection
EndGlobal
