
Microsoft Visual Studio Solution File, Format Version 12.00
# Visual Studio Version 16
VisualStudioVersion = 16.0.30114.105
MinimumVisualStudioVersion = 10.0.40219.1
Project("{FAE04EC0-301F-11D3-BF4B-00C04F79EFBC}") = "DCB.Core", "DCB.Core\DCB.Core.csproj", "{0E281BE3-0006-4282-BB43-18F45B62B61A}"
EndProject
Project("{FAE04EC0-301F-11D3-BF4B-00C04F79EFBC}") = "DCB.Extensions", "DCB.Extensions\DCB.Extensions.csproj", "{3AEEA9FF-F16A-4867-ABFC-97D7621A3323}"
EndProject
Project("{FAE04EC0-301F-11D3-BF4B-00C04F79EFBC}") = "DCB.Extensions.SqlServer", "DCB.Extensions.SqlServer\DCB.Extensions.SqlServer.csproj", "{1200CAF4-36C4-44F1-B94B-7A4FD005ED87}"
EndProject
Project("{2150E333-8FDC-42A3-9474-1A3956D46DE8}") = "Docs", "Docs", "{D8CD0A41-B3C1-44BA-88FD-D89182445AE1}"
	ProjectSection(SolutionItems) = preProject
		..\README.md = ..\README.md
		TODO.md = TODO.md
	EndProjectSection
EndProject
Project("{FAE04EC0-301F-11D3-BF4B-00C04F79EFBC}") = "DCB.Helpers", "DCB.Helpers\DCB.Helpers.csproj", "{CE33412D-12E7-47B0-9C2C-1344C2260F2B}"
EndProject
Project("{2150E333-8FDC-42A3-9474-1A3956D46DE8}") = "Tests", "Tests", "{43A32F93-8515-4F69-AA00-07943139A323}"
EndProject
Project("{FAE04EC0-301F-11D3-BF4B-00C04F79EFBC}") = "DCB.Core.Tests", "..\tests\DCB.Core.Tests\DCB.Core.Tests.csproj", "{8B2A3FF0-0E02-44E8-9802-F55738A2216E}"
EndProject
Project("{FAE04EC0-301F-11D3-BF4B-00C04F79EFBC}") = "DCB.Extensions.Mongo", "DCB.Extensions.Mongo\DCB.Extensions.Mongo.csproj", "{61418734-69F8-4C95-B8EC-FDDDB4A93696}"
EndProject
Project("{2150E333-8FDC-42A3-9474-1A3956D46DE8}") = "Shared", "Shared", "{2C150304-9E94-4210-89CE-7C9E644DA577}"
EndProject
Project("{FAE04EC0-301F-11D3-BF4B-00C04F79EFBC}") = "DCB.Extensions.SqlServer.Tests", "..\tests\DCB.Extensions.SqlServer.Tests\DCB.Extensions.SqlServer.Tests.csproj", "{6DC3066D-3149-47F9-AB17-C280FBFF4717}"
EndProject
Project("{FAE04EC0-301F-11D3-BF4B-00C04F79EFBC}") = "DCP.Extensions.Mongo.Tests", "..\tests\DCP.Extensions.Mongo.Tests\DCP.Extensions.Mongo.Tests.csproj", "{59A6367E-4F1D-4B02-980E-E069D2F77340}"
EndProject
Project("{FAE04EC0-301F-11D3-BF4B-00C04F79EFBC}") = "DCB.Tests.Shared", "..\tests\DCB.Tests.Shared\DCB.Tests.Shared.csproj", "{46CFF6B3-FCBC-49A3-9A0C-B462AFE5F69F}"
EndProject
Project("{FAE04EC0-301F-11D3-BF4B-00C04F79EFBC}") = "DCB.Client.LogSaver", "DCB.Client.LogSaver\DCB.Client.LogSaver.csproj", "{308E573F-CC53-4C1B-9F41-428EAA6E7259}"
EndProject
Project("{2150E333-8FDC-42A3-9474-1A3956D46DE8}") = "IntegrationTests", "IntegrationTests", "{50219329-168C-4A33-9FDA-42865E24619A}"
EndProject
Project("{FAE04EC0-301F-11D3-BF4B-00C04F79EFBC}") = "DCB.IntegrationTests", "DCB.IntegrationTests\DCB.IntegrationTests.csproj", "{E4E8BB9C-3984-4F1D-86BD-F068970E3686}"
EndProject
Project("{FAE04EC0-301F-11D3-BF4B-00C04F79EFBC}") = "DCB.Client.CriticalLogSaver", "DCB.Client.CriticalLogSaver\DCB.Client.CriticalLogSaver.csproj", "{17952449-EA7D-430E-BED3-EA2CD515B74D}"
EndProject
Project("{FAE04EC0-301F-11D3-BF4B-00C04F79EFBC}") = "DCB.Client.Shared", "DCB.Client.Shared\DCB.Client.Shared.csproj", "{7F3CA06F-241A-4C31-8E91-9A9FF8F2CB59}"
EndProject
Project("{2150E333-8FDC-42A3-9474-1A3956D46DE8}") = "TestClients", "TestClients", "{63D8EFBB-E427-45C6-8503-3B8E8F7887C9}"
EndProject
Global
	GlobalSection(SolutionConfigurationPlatforms) = preSolution
		Debug|Any CPU = Debug|Any CPU
		Release|Any CPU = Release|Any CPU
	EndGlobalSection
	GlobalSection(SolutionProperties) = preSolution
		HideSolutionNode = FALSE
	EndGlobalSection
	GlobalSection(ProjectConfigurationPlatforms) = postSolution
		{0E281BE3-0006-4282-BB43-18F45B62B61A}.Debug|Any CPU.ActiveCfg = Debug|Any CPU
		{0E281BE3-0006-4282-BB43-18F45B62B61A}.Debug|Any CPU.Build.0 = Debug|Any CPU
		{0E281BE3-0006-4282-BB43-18F45B62B61A}.Release|Any CPU.ActiveCfg = Release|Any CPU
		{0E281BE3-0006-4282-BB43-18F45B62B61A}.Release|Any CPU.Build.0 = Release|Any CPU
		{3AEEA9FF-F16A-4867-ABFC-97D7621A3323}.Debug|Any CPU.ActiveCfg = Debug|Any CPU
		{3AEEA9FF-F16A-4867-ABFC-97D7621A3323}.Debug|Any CPU.Build.0 = Debug|Any CPU
		{3AEEA9FF-F16A-4867-ABFC-97D7621A3323}.Release|Any CPU.ActiveCfg = Release|Any CPU
		{3AEEA9FF-F16A-4867-ABFC-97D7621A3323}.Release|Any CPU.Build.0 = Release|Any CPU
		{1200CAF4-36C4-44F1-B94B-7A4FD005ED87}.Debug|Any CPU.ActiveCfg = Debug|Any CPU
		{1200CAF4-36C4-44F1-B94B-7A4FD005ED87}.Debug|Any CPU.Build.0 = Debug|Any CPU
		{1200CAF4-36C4-44F1-B94B-7A4FD005ED87}.Release|Any CPU.ActiveCfg = Release|Any CPU
		{1200CAF4-36C4-44F1-B94B-7A4FD005ED87}.Release|Any CPU.Build.0 = Release|Any CPU
		{CE33412D-12E7-47B0-9C2C-1344C2260F2B}.Debug|Any CPU.ActiveCfg = Debug|Any CPU
		{CE33412D-12E7-47B0-9C2C-1344C2260F2B}.Debug|Any CPU.Build.0 = Debug|Any CPU
		{CE33412D-12E7-47B0-9C2C-1344C2260F2B}.Release|Any CPU.ActiveCfg = Release|Any CPU
		{CE33412D-12E7-47B0-9C2C-1344C2260F2B}.Release|Any CPU.Build.0 = Release|Any CPU
		{8B2A3FF0-0E02-44E8-9802-F55738A2216E}.Debug|Any CPU.ActiveCfg = Debug|Any CPU
		{8B2A3FF0-0E02-44E8-9802-F55738A2216E}.Debug|Any CPU.Build.0 = Debug|Any CPU
		{8B2A3FF0-0E02-44E8-9802-F55738A2216E}.Release|Any CPU.ActiveCfg = Release|Any CPU
		{8B2A3FF0-0E02-44E8-9802-F55738A2216E}.Release|Any CPU.Build.0 = Release|Any CPU
		{61418734-69F8-4C95-B8EC-FDDDB4A93696}.Debug|Any CPU.ActiveCfg = Debug|Any CPU
		{61418734-69F8-4C95-B8EC-FDDDB4A93696}.Debug|Any CPU.Build.0 = Debug|Any CPU
		{61418734-69F8-4C95-B8EC-FDDDB4A93696}.Release|Any CPU.ActiveCfg = Release|Any CPU
		{61418734-69F8-4C95-B8EC-FDDDB4A93696}.Release|Any CPU.Build.0 = Release|Any CPU
		{6DC3066D-3149-47F9-AB17-C280FBFF4717}.Debug|Any CPU.ActiveCfg = Debug|Any CPU
		{6DC3066D-3149-47F9-AB17-C280FBFF4717}.Debug|Any CPU.Build.0 = Debug|Any CPU
		{6DC3066D-3149-47F9-AB17-C280FBFF4717}.Release|Any CPU.ActiveCfg = Release|Any CPU
		{6DC3066D-3149-47F9-AB17-C280FBFF4717}.Release|Any CPU.Build.0 = Release|Any CPU
		{59A6367E-4F1D-4B02-980E-E069D2F77340}.Debug|Any CPU.ActiveCfg = Debug|Any CPU
		{59A6367E-4F1D-4B02-980E-E069D2F77340}.Debug|Any CPU.Build.0 = Debug|Any CPU
		{59A6367E-4F1D-4B02-980E-E069D2F77340}.Release|Any CPU.ActiveCfg = Release|Any CPU
		{59A6367E-4F1D-4B02-980E-E069D2F77340}.Release|Any CPU.Build.0 = Release|Any CPU
		{46CFF6B3-FCBC-49A3-9A0C-B462AFE5F69F}.Debug|Any CPU.ActiveCfg = Debug|Any CPU
		{46CFF6B3-FCBC-49A3-9A0C-B462AFE5F69F}.Debug|Any CPU.Build.0 = Debug|Any CPU
		{46CFF6B3-FCBC-49A3-9A0C-B462AFE5F69F}.Release|Any CPU.ActiveCfg = Release|Any CPU
		{46CFF6B3-FCBC-49A3-9A0C-B462AFE5F69F}.Release|Any CPU.Build.0 = Release|Any CPU
		{308E573F-CC53-4C1B-9F41-428EAA6E7259}.Debug|Any CPU.ActiveCfg = Debug|Any CPU
		{308E573F-CC53-4C1B-9F41-428EAA6E7259}.Debug|Any CPU.Build.0 = Debug|Any CPU
		{308E573F-CC53-4C1B-9F41-428EAA6E7259}.Release|Any CPU.ActiveCfg = Release|Any CPU
		{308E573F-CC53-4C1B-9F41-428EAA6E7259}.Release|Any CPU.Build.0 = Release|Any CPU
		{E4E8BB9C-3984-4F1D-86BD-F068970E3686}.Debug|Any CPU.ActiveCfg = Debug|Any CPU
		{E4E8BB9C-3984-4F1D-86BD-F068970E3686}.Debug|Any CPU.Build.0 = Debug|Any CPU
		{E4E8BB9C-3984-4F1D-86BD-F068970E3686}.Release|Any CPU.ActiveCfg = Release|Any CPU
		{E4E8BB9C-3984-4F1D-86BD-F068970E3686}.Release|Any CPU.Build.0 = Release|Any CPU
		{17952449-EA7D-430E-BED3-EA2CD515B74D}.Debug|Any CPU.ActiveCfg = Debug|Any CPU
		{17952449-EA7D-430E-BED3-EA2CD515B74D}.Debug|Any CPU.Build.0 = Debug|Any CPU
		{17952449-EA7D-430E-BED3-EA2CD515B74D}.Release|Any CPU.ActiveCfg = Release|Any CPU
		{17952449-EA7D-430E-BED3-EA2CD515B74D}.Release|Any CPU.Build.0 = Release|Any CPU
		{7F3CA06F-241A-4C31-8E91-9A9FF8F2CB59}.Debug|Any CPU.ActiveCfg = Debug|Any CPU
		{7F3CA06F-241A-4C31-8E91-9A9FF8F2CB59}.Debug|Any CPU.Build.0 = Debug|Any CPU
		{7F3CA06F-241A-4C31-8E91-9A9FF8F2CB59}.Release|Any CPU.ActiveCfg = Release|Any CPU
		{7F3CA06F-241A-4C31-8E91-9A9FF8F2CB59}.Release|Any CPU.Build.0 = Release|Any CPU
	EndGlobalSection
	GlobalSection(NestedProjects) = preSolution
		{8B2A3FF0-0E02-44E8-9802-F55738A2216E} = {43A32F93-8515-4F69-AA00-07943139A323}
		{CE33412D-12E7-47B0-9C2C-1344C2260F2B} = {2C150304-9E94-4210-89CE-7C9E644DA577}
		{6DC3066D-3149-47F9-AB17-C280FBFF4717} = {43A32F93-8515-4F69-AA00-07943139A323}
		{59A6367E-4F1D-4B02-980E-E069D2F77340} = {43A32F93-8515-4F69-AA00-07943139A323}
		{46CFF6B3-FCBC-49A3-9A0C-B462AFE5F69F} = {2C150304-9E94-4210-89CE-7C9E644DA577}
		{50219329-168C-4A33-9FDA-42865E24619A} = {43A32F93-8515-4F69-AA00-07943139A323}
		{E4E8BB9C-3984-4F1D-86BD-F068970E3686} = {50219329-168C-4A33-9FDA-42865E24619A}
		{63D8EFBB-E427-45C6-8503-3B8E8F7887C9} = {50219329-168C-4A33-9FDA-42865E24619A}
		{17952449-EA7D-430E-BED3-EA2CD515B74D} = {63D8EFBB-E427-45C6-8503-3B8E8F7887C9}
		{308E573F-CC53-4C1B-9F41-428EAA6E7259} = {63D8EFBB-E427-45C6-8503-3B8E8F7887C9}
		{7F3CA06F-241A-4C31-8E91-9A9FF8F2CB59} = {63D8EFBB-E427-45C6-8503-3B8E8F7887C9}
	EndGlobalSection
EndGlobal
